{
  "name": "expression-runner",
  "version": "1.0.3",
  "lockfileVersion": 1,
  "requires": true,
  "dependencies": {
    "@types/node": {
      "version": "14.14.21",
      "resolved": "https://registry.npmjs.org/@types/node/-/node-14.14.21.tgz",
      "integrity": "sha512-cHYfKsnwllYhjOzuC5q1VpguABBeecUp24yFluHpn/BQaVxB1CuQ1FSRZCzrPxrkIfWISXV2LbeoBthLWg0+0A==",
      "dev": true
    },
    "typescript": {
      "version": "4.0.3",
      "resolved": "https://registry.npmjs.org/typescript/-/typescript-4.0.3.tgz",
      "integrity": "sha512-tEu6DGxGgRJPb/mVPIZ48e69xCn2yRmCgYmDugAVwmJ6o+0u1RI18eO7E7WBTLYLaEVVOhwQmcdhQHweux/WPg==",
      "dev": true
    }
  }
}
